
# THIS IS AN AUTOGENERATED FILE. DO NOT EDIT THIS FILE DIRECTLY.
# yarn lockfile v1


"@angular-devkit/architect@0.10.5":
  version "0.10.5"
  resolved "https://registry.yarnpkg.com/@angular-devkit/architect/-/architect-0.10.5.tgz#c190c1592998c7c811f31a937d0d04ee62e3a683"
  integrity sha512-QMR09kIWD8YR9VgNQZXMGASV1UbAtygSdXokBj3njNtTif7xdb+bxo6VQBRqjpB8ZZGtUsE+LdJ4LeKafRnzRQ==
  dependencies:
    "@angular-devkit/core" "7.0.5"
    rxjs "6.3.3"

"@angular-devkit/build-angular@~0.10.0":
  version "0.10.5"
  resolved "https://registry.yarnpkg.com/@angular-devkit/build-angular/-/build-angular-0.10.5.tgz#9de17f1015137cb25ccedd4928a935d179b50b10"
  integrity sha512-I32FrMnYO5XU33ifOwhefO0tVCD+xHcTcAIprv5MFbSl3sGXI/CVsh9DGjWfyHlUaMlLUOpHQ+VcgeFGTcCVpA==
  dependencies:
    "@angular-devkit/architect" "0.10.5"
    "@angular-devkit/build-optimizer" "0.10.5"
    "@angular-devkit/build-webpack" "0.10.5"
    "@angular-devkit/core" "7.0.5"
    "@ngtools/webpack" "7.0.5"
    ajv "6.5.3"
    autoprefixer "9.1.5"
    circular-dependency-plugin "5.0.2"
    clean-css "4.2.1"
    copy-webpack-plugin "4.5.4"
    file-loader "2.0.0"
    glob "7.1.3"
    istanbul "0.4.5"
    istanbul-instrumenter-loader "3.0.1"
    karma-source-map-support "1.3.0"
    less "3.8.1"
    less-loader "4.1.0"
    license-webpack-plugin "2.0.2"
    loader-utils "1.1.0"
    mini-css-extract-plugin "0.4.3"
    minimatch "3.0.4"
    opn "5.3.0"
    parse5 "4.0.0"
    portfinder "1.0.17"
    postcss "7.0.5"
    postcss-import "12.0.0"
    postcss-loader "3.0.0"
    raw-loader "0.5.1"
    rxjs "6.3.3"
    sass-loader "7.1.0"
    semver "5.5.1"
    source-map-loader "0.2.4"
    source-map-support "0.5.9"
    speed-measure-webpack-plugin "^1.2.3"
    stats-webpack-plugin "0.7.0"
    style-loader "0.23.0"
    stylus "0.54.5"
    stylus-loader "3.0.2"
    terser-webpack-plugin "1.1.0"
    tree-kill "1.2.0"
    webpack "4.19.1"
    webpack-dev-middleware "3.3.0"
    webpack-dev-server "3.1.8"
    webpack-merge "4.1.4"
    webpack-sources "1.2.0"
    webpack-subresource-integrity "1.1.0-rc.6"
  optionalDependencies:
    node-sass "4.9.3"

"@angular-devkit/build-optimizer@0.10.5":
  version "0.10.5"
  resolved "https://registry.yarnpkg.com/@angular-devkit/build-optimizer/-/build-optimizer-0.10.5.tgz#7509e61461d3040d2efd503383f9d8a29879d046"
  integrity sha512-jhiD/ct7ngzNjT0yNUTT4TUjRzH9ZXdMm3Z4wbTFtKhXfr3bZgvLGKEoq0pIGlnlWq7lrGb8Doue4xcbRKTgmw==
  dependencies:
    loader-utils "1.1.0"
    source-map "0.5.6"
    typescript "3.1.6"
    webpack-sources "1.2.0"

"@angular-devkit/build-webpack@0.10.5":
  version "0.10.5"
  resolved "https://registry.yarnpkg.com/@angular-devkit/build-webpack/-/build-webpack-0.10.5.tgz#ab14d4918b858d1b5afb474bcdc2e9a2b79e8fc1"
  integrity sha512-RNhuz/1s6wGVau+dRcQAUbbrt1pexyW8nT/X+uzNd0r/zhOrAPj6ET51Xdkv2V6zaH8frXyPZK9JZL/JrDJsUA==
  dependencies:
    "@angular-devkit/architect" "0.10.5"
    "@angular-devkit/core" "7.0.5"
    rxjs "6.3.3"

"@angular-devkit/core@7.0.5":
  version "7.0.5"
  resolved "https://registry.yarnpkg.com/@angular-devkit/core/-/core-7.0.5.tgz#60866c0a2367cea44b436a359ac9be99a138e180"
  integrity sha512-QaORf9NCnwlHEuMs45Vb/KBf5eO2m+hIdNdIK0MnTaK9SrvhQhg0AFjo2KCPtOjI9eCcvsDz/O7W28CHJrG1iA==
  dependencies:
    ajv "6.5.3"
    chokidar "2.0.4"
    fast-json-stable-stringify "2.0.0"
    rxjs "6.3.3"
    source-map "0.7.3"

"@angular-devkit/schematics@7.0.5":
  version "7.0.5"
  resolved "https://registry.yarnpkg.com/@angular-devkit/schematics/-/schematics-7.0.5.tgz#527bf0af5352172e92c5473a33bc07af44c77796"
  integrity sha512-mWtPfBtObXXw5IWnMuOXBLn/Bv2lPxdmSqrCX9chTmxLXlFuv5e6HkzJfuF4BxjRUMaA+OW1qhnsHRJSI+p6sQ==
  dependencies:
    "@angular-devkit/core" "7.0.5"
    rxjs "6.3.3"

"@angular/animations@~7.0.3":
  version "7.0.3"
  resolved "https://registry.yarnpkg.com/@angular/animations/-/animations-7.0.3.tgz#04bf1881e82b5b2eaf378728085ec12e83d67c72"
  integrity sha512-jCRHlt+ghfSnP5a8HKr6R/Adc5Cq7i/mcYsn3V6M2QBpGFCVmy0ZWZa66QOhRaqler8u8EGi1PdoCCoGAZc4OA==
  dependencies:
    tslib "^1.9.0"

"@angular/cdk@^7.0.3":
  version "7.0.3"
  resolved "https://registry.yarnpkg.com/@angular/cdk/-/cdk-7.0.3.tgz#6f6ca3203470dfa91858a421d72c8e41765644e5"
  integrity sha512-QT7U2tOBVfwn8Q71Nyh0UjlyXfZNKdanq3+b8GJ/+IB/d8mVdMRTXBGQ4PqY7CP+wpkgm+wbbUt3urZF1AqdmQ==
  dependencies:
    tslib "^1.7.1"
  optionalDependencies:
    parse5 "^5.0.0"

"@angular/cli@~7.0.5":
  version "7.0.5"
  resolved "https://registry.yarnpkg.com/@angular/cli/-/cli-7.0.5.tgz#1dedf6d8adf20ffc884459c5f7b071721bb172e2"
  integrity sha512-qGFDuO9VQAq+pEPgIyeEdTVa8m2xNYOyvgwp0Z4E51BMBsvzEufT0Vj/U/HuD6a162EOBW1N+Aprpie+swe+MQ==
  dependencies:
    "@angular-devkit/architect" "0.10.5"
    "@angular-devkit/core" "7.0.5"
    "@angular-devkit/schematics" "7.0.5"
    "@schematics/angular" "7.0.5"
    "@schematics/update" "0.10.5"
    inquirer "6.2.0"
    opn "5.3.0"
    rxjs "6.3.3"
    semver "5.5.1"
    symbol-observable "1.2.0"

"@angular/common@~7.0.3":
  version "7.0.3"
  resolved "https://registry.yarnpkg.com/@angular/common/-/common-7.0.3.tgz#c0056185251649264f0d3ee5a5a446549a8a1d78"
  integrity sha512-aiuQh6+5kWFp34SYEtpnkAJWU3Qn17S/9LjWSZbgfiaYG6MyszepxqLZPBSBPTElxx2u5VoCPh97+TpKoDqx+g==
  dependencies:
    tslib "^1.9.0"

"@angular/compiler-cli@~7.0.3":
  version "7.0.3"
  resolved "https://registry.yarnpkg.com/@angular/compiler-cli/-/compiler-cli-7.0.3.tgz#5d2567056251a8417ad0154de5d6757fa502f837"
  integrity sha512-8/SNgyce0Eqhfn8N/XkwSDSxTJryA+/EVLA68D2IopOSg/95u6GgYv3mVNNQnclSzC4g1FuK0zt4z0zRIWZ6JA==
  dependencies:
    canonical-path "1.0.0"
    chokidar "^1.4.2"
    convert-source-map "^1.5.1"
    dependency-graph "^0.7.2"
    magic-string "^0.25.0"
    minimist "^1.2.0"
    reflect-metadata "^0.1.2"
    shelljs "^0.8.1"
    source-map "^0.6.1"
    yargs "9.0.1"

"@angular/compiler@~7.0.3":
  version "7.0.3"
  resolved "https://registry.yarnpkg.com/@angular/compiler/-/compiler-7.0.3.tgz#c9bf049b92d37f9fec932698f52743c3be8ad6e7"
  integrity sha512-1eF4PzWej9eoEQhHwuMxujx9B4oSjP70vORIs9pgXF8O4nWDWTKtfPQyNCPxc8mY+Fwb0+nSOEvvA+Ou8Hnreg==
  dependencies:
    tslib "^1.9.0"

"@angular/core@~7.0.3":
  version "7.0.3"
  resolved "https://registry.yarnpkg.com/@angular/core/-/core-7.0.3.tgz#e78e10c932fd6243b99723b76e23135b88e4f861"
  integrity sha512-x/OYYykVsi2vrKlYQJ37I8HYAI/s/CtL3Sd9bl87F6AnqLWnnKIxQaofT/ShfAfdP44LQoN5BNp5j+sjs8K4Kg==
  dependencies:
    tslib "^1.9.0"

"@angular/flex-layout@^7.0.0-beta.19":
  version "7.0.0-beta.19"
  resolved "https://registry.yarnpkg.com/@angular/flex-layout/-/flex-layout-7.0.0-beta.19.tgz#f8aa46dd1290adba512a15e762938d6a1d71bcd5"
  integrity sha512-MXq+zZ6/s5/+GsL9fZ42mKL0LjZ/+L0sVU5FaQuSAJ57soLl5QAGWvdxVmROtqcHd3Htp35R49nKSZBJ0nfAjg==
  dependencies:
    tslib "^1.7.1"

"@angular/forms@~7.0.3":
  version "7.0.3"
  resolved "https://registry.yarnpkg.com/@angular/forms/-/forms-7.0.3.tgz#6cbc2b760756b759b1623dd3d541252ae2acb6f7"
  integrity sha512-URbSpsNDQOg2NxmAt2FgeXIbEXvJS2yQwP02NLkHGqqCe38dpcifijj6HlUxeH14ZBkoqeTQjtSkXlMkgt22YA==
  dependencies:
    tslib "^1.9.0"

"@angular/http@~7.0.3":
  version "7.0.3"
  resolved "https://registry.yarnpkg.com/@angular/http/-/http-7.0.3.tgz#5447595d289ce5a9607c7bbecaddd954d9f0b068"
  integrity sha512-aL+z1/tbVY8oJw5v46rbMli5vBGDVyJvs95d1l2n3hWnwMTzS9AVetjcL3B3uruAYuXoh4QlSJ+ysBgdmV1+IA==
  dependencies:
    tslib "^1.9.0"

"@angular/language-service@~7.0.3":
  version "7.0.3"
  resolved "https://registry.yarnpkg.com/@angular/language-service/-/language-service-7.0.3.tgz#e43512ad801f7ecfd5625c34e50d27ce245a32ce"
  integrity sha512-a8S/kTK/f7QaA7Nwm0KmfR+e7p4ZJ1keotfQD8r9Zq73+DD6yS+DSc+NBikmHui9mn9zY1C08C4SJQ5/5HtVhA==

"@angular/material@^7.0.3":
  version "7.0.3"
  resolved "https://registry.yarnpkg.com/@angular/material/-/material-7.0.3.tgz#81df814ab4da7df4f0f7241852950795936d3cd5"
  integrity sha512-acJ2zU44k/rsd4OeTdAMVP0R3te8aXwfubDQGc8YI1CdRVW1XqMSvAWkToYDVaGvnZV53zQt/iSi1XWaSXYf1Q==
  dependencies:
    tslib "^1.7.1"

"@angular/platform-browser-dynamic@~7.0.3":
  version "7.0.3"
  resolved "https://registry.yarnpkg.com/@angular/platform-browser-dynamic/-/platform-browser-dynamic-7.0.3.tgz#cea2f3d2eb5b98305182a18aa700b4f3fa4b4c17"
  integrity sha512-hrdBtlkKyq2CZRY6z2RWFTcGF4n4MirM7EEzByEjlgiXSU+c4qHYb0a8z30qdCF1D/DZ6Md7cRRH+1uR/rCqxQ==
  dependencies:
    tslib "^1.9.0"

"@angular/platform-browser@~7.0.3":
  version "7.0.3"
  resolved "https://registry.yarnpkg.com/@angular/platform-browser/-/platform-browser-7.0.3.tgz#9b02347a76db5a9ad42c2b9beaff078060168e39"
  integrity sha512-OKDGce2dYw9Fw8agpcSNJA+ecMMnMQCi9xoPHNIp1pYdvte7mUXKUvUzR7chqQ7b83d7SzVeEhqAZYa4BUwFRA==
  dependencies:
    tslib "^1.9.0"

"@angular/router@~7.0.3":
  version "7.0.3"
  resolved "https://registry.yarnpkg.com/@angular/router/-/router-7.0.3.tgz#7cf86ad1667a892998ec3670ab7ba0b2b373c24a"